
Microsoft Visual Studio Solution File, Format Version 12.00
# Visual Studio Version 17
VisualStudioVersion = 17.14.37012.4 d17.14
MinimumVisualStudioVersion = 10.0.40219.1
Project("{FAE04EC0-301F-11D3-BF4B-00C04F79EFBC}") = "AsyncSubject", "AsyncSubject\AsyncSubject.csproj", "{F51F770C-EEF4-4016-BE1C-CBA0ADA45665}"
EndProject
Global
	GlobalSection(SolutionConfigurationPlatforms) = preSolution
		Debug|Any CPU = Debug|Any CPU
		Release|Any CPU = Release|Any CPU
	EndGlobalSection
	GlobalSection(ProjectConfigurationPlatforms) = postSolution
		{F51F770C-EEF4-4016-BE1C-CBA0ADA45665}.Debug|Any CPU.ActiveCfg = Debug|Any CPU
		{F51F770C-EEF4-4016-BE1C-CBA0ADA45665}.Debug|Any CPU.Build.0 = Debug|Any CPU
		{F51F770C-EEF4-4016-BE1C-CBA0ADA45665}.Release|Any CPU.ActiveCfg = Release|Any CPU
		{F51F770C-EEF4-4016-BE1C-CBA0ADA45665}.Release|Any CPU.Build.0 = Release|Any CPU
	EndGlobalSection
	GlobalSection(SolutionProperties) = preSolution
		HideSolutionNode = FALSE
	EndGlobalSection
	GlobalSection(ExtensibilityGlobals) = postSolution
		SolutionGuid = {82E545FE-70B7-4D7F-B795-A144A7F88572}
	EndGlobalSection
EndGlobal
