
Microsoft Visual Studio Solution File, Format Version 12.00
# Visual Studio Version 17
VisualStudioVersion = 17.14.37012.4 d17.14
MinimumVisualStudioVersion = 10.0.40219.1
Project("{FAE04EC0-301F-11D3-BF4B-00C04F79EFBC}") = "InfiniteCollectionEvents", "InfiniteCollectionEvents\InfiniteCollectionEvents.csproj", "{3DE9CEF3-6111-4829-8EC1-8C8BD7E34B94}"
EndProject
Global
	GlobalSection(SolutionConfigurationPlatforms) = preSolution
		Debug|Any CPU = Debug|Any CPU
		Release|Any CPU = Release|Any CPU
	EndGlobalSection
	GlobalSection(ProjectConfigurationPlatforms) = postSolution
		{3DE9CEF3-6111-4829-8EC1-8C8BD7E34B94}.Debug|Any CPU.ActiveCfg = Debug|Any CPU
		{3DE9CEF3-6111-4829-8EC1-8C8BD7E34B94}.Debug|Any CPU.Build.0 = Debug|Any CPU
		{3DE9CEF3-6111-4829-8EC1-8C8BD7E34B94}.Release|Any CPU.ActiveCfg = Release|Any CPU
		{3DE9CEF3-6111-4829-8EC1-8C8BD7E34B94}.Release|Any CPU.Build.0 = Release|Any CPU
	EndGlobalSection
	GlobalSection(SolutionProperties) = preSolution
		HideSolutionNode = FALSE
	EndGlobalSection
	GlobalSection(ExtensibilityGlobals) = postSolution
		SolutionGuid = {CD7B9975-F9CC-472F-BE65-70E66675E0E2}
	EndGlobalSection
EndGlobal
