
Microsoft Visual Studio Solution File, Format Version 12.00
# Visual Studio Version 17
VisualStudioVersion = 17.14.37027.9
MinimumVisualStudioVersion = 10.0.40219.1
Project("{FAE04EC0-301F-11D3-BF4B-00C04F79EFBC}") = "FromEventPattern", "FromEventPattern\FromEventPattern.csproj", "{5C0B2923-6CC7-4B05-B738-ED1EF0907C4E}"
EndProject
Project("{FAE04EC0-301F-11D3-BF4B-00C04F79EFBC}") = "XamlApp1", "XamlApp1\XamlApp1.csproj", "{4714679B-8D8B-43BB-9127-806019BAA10D}"
EndProject
Project("{FAE04EC0-301F-11D3-BF4B-00C04F79EFBC}") = "XamlApp2", "XamlApp2\XamlApp2.csproj", "{ADD8BDF7-0587-4203-AF71-530C07138053}"
EndProject
Project("{FAE04EC0-301F-11D3-BF4B-00C04F79EFBC}") = "FormApp1", "FormApp1\FormApp1.csproj", "{48364F0A-A44A-45C3-803A-3EE328140BE8}"
EndProject
Project("{FAE04EC0-301F-11D3-BF4B-00C04F79EFBC}") = "FromEvent", "FromEvent\FromEvent.csproj", "{A8CA4059-36D6-439B-ADE7-F8877EFEACB9}"
EndProject
Project("{FAE04EC0-301F-11D3-BF4B-00C04F79EFBC}") = "StaticEvent", "StaticEvent\StaticEvent.csproj", "{575B2438-452F-490C-BB45-460A881B5EA3}"
EndProject
Project("{FAE04EC0-301F-11D3-BF4B-00C04F79EFBC}") = "ToEvent", "ToEvent\ToEvent.csproj", "{2D3A174B-25C1-4801-B7CE-77F0F0DD428B}"
EndProject
Project("{FAE04EC0-301F-11D3-BF4B-00C04F79EFBC}") = "TaskSource", "TaskSource\TaskSource.csproj", "{197FD7CE-A63C-47B2-9080-A9E1CAEDB8AC}"
EndProject
Project("{FAE04EC0-301F-11D3-BF4B-00C04F79EFBC}") = "TaskCancellation", "TaskCancellation\TaskCancellation.csproj", "{58F0B125-5859-4ED3-A7D6-474C1D8A4A16}"
EndProject
Project("{FAE04EC0-301F-11D3-BF4B-00C04F79EFBC}") = "LoopThread", "LoopThread\LoopThread.csproj", "{87673533-B30F-4FE8-9D46-CCD2D6FF942E}"
EndProject
Project("{FAE04EC0-301F-11D3-BF4B-00C04F79EFBC}") = "TimerThread", "TimerThread\TimerThread.csproj", "{62749DEC-E98E-4035-9F83-56C9D07A818E}"
EndProject
Project("{FAE04EC0-301F-11D3-BF4B-00C04F79EFBC}") = "ScheduledThread", "ScheduledThread\ScheduledThread.csproj", "{1720CA31-3901-33D0-2495-D381CA5B7F6D}"
EndProject
Project("{FAE04EC0-301F-11D3-BF4B-00C04F79EFBC}") = "ObserveOnThread", "ObserveOnThread\ObserveOnThread.csproj", "{9D33A484-7622-4329-B7B6-7891E8F8924B}"
EndProject
Project("{FAE04EC0-301F-11D3-BF4B-00C04F79EFBC}") = "InjectThread", "InjectThread\InjectThread.csproj", "{83EE6FC5-6792-400C-AFB6-7DF832491871}"
EndProject
Project("{FAE04EC0-301F-11D3-BF4B-00C04F79EFBC}") = "CustomScheduler", "CustomScheduler\CustomScheduler.csproj", "{D18FAB61-CF0F-4D9B-A1F8-0C579A8B5F98}"
EndProject
Project("{FAE04EC0-301F-11D3-BF4B-00C04F79EFBC}") = "FutureScheduler", "FutureScheduler\FutureScheduler.csproj", "{1D225DF0-4507-4D0C-BC05-F3950BCC4653}"
EndProject
Project("{FAE04EC0-301F-11D3-BF4B-00C04F79EFBC}") = "TestScheduler", "TestScheduler\TestScheduler.csproj", "{7265968C-05F5-40D4-8BED-1D864C279ED6}"
EndProject
Global
	GlobalSection(SolutionConfigurationPlatforms) = preSolution
		Debug|Any CPU = Debug|Any CPU
		Release|Any CPU = Release|Any CPU
	EndGlobalSection
	GlobalSection(ProjectConfigurationPlatforms) = postSolution
		{5C0B2923-6CC7-4B05-B738-ED1EF0907C4E}.Debug|Any CPU.ActiveCfg = Debug|Any CPU
		{5C0B2923-6CC7-4B05-B738-ED1EF0907C4E}.Debug|Any CPU.Build.0 = Debug|Any CPU
		{5C0B2923-6CC7-4B05-B738-ED1EF0907C4E}.Release|Any CPU.ActiveCfg = Release|Any CPU
		{5C0B2923-6CC7-4B05-B738-ED1EF0907C4E}.Release|Any CPU.Build.0 = Release|Any CPU
		{4714679B-8D8B-43BB-9127-806019BAA10D}.Debug|Any CPU.ActiveCfg = Debug|Any CPU
		{4714679B-8D8B-43BB-9127-806019BAA10D}.Debug|Any CPU.Build.0 = Debug|Any CPU
		{4714679B-8D8B-43BB-9127-806019BAA10D}.Release|Any CPU.ActiveCfg = Release|Any CPU
		{4714679B-8D8B-43BB-9127-806019BAA10D}.Release|Any CPU.Build.0 = Release|Any CPU
		{ADD8BDF7-0587-4203-AF71-530C07138053}.Debug|Any CPU.ActiveCfg = Debug|Any CPU
		{ADD8BDF7-0587-4203-AF71-530C07138053}.Debug|Any CPU.Build.0 = Debug|Any CPU
		{ADD8BDF7-0587-4203-AF71-530C07138053}.Release|Any CPU.ActiveCfg = Release|Any CPU
		{ADD8BDF7-0587-4203-AF71-530C07138053}.Release|Any CPU.Build.0 = Release|Any CPU
		{48364F0A-A44A-45C3-803A-3EE328140BE8}.Debug|Any CPU.ActiveCfg = Debug|Any CPU
		{48364F0A-A44A-45C3-803A-3EE328140BE8}.Debug|Any CPU.Build.0 = Debug|Any CPU
		{48364F0A-A44A-45C3-803A-3EE328140BE8}.Release|Any CPU.ActiveCfg = Release|Any CPU
		{48364F0A-A44A-45C3-803A-3EE328140BE8}.Release|Any CPU.Build.0 = Release|Any CPU
		{A8CA4059-36D6-439B-ADE7-F8877EFEACB9}.Debug|Any CPU.ActiveCfg = Debug|Any CPU
		{A8CA4059-36D6-439B-ADE7-F8877EFEACB9}.Debug|Any CPU.Build.0 = Debug|Any CPU
		{A8CA4059-36D6-439B-ADE7-F8877EFEACB9}.Release|Any CPU.ActiveCfg = Release|Any CPU
		{A8CA4059-36D6-439B-ADE7-F8877EFEACB9}.Release|Any CPU.Build.0 = Release|Any CPU
		{575B2438-452F-490C-BB45-460A881B5EA3}.Debug|Any CPU.ActiveCfg = Debug|Any CPU
		{575B2438-452F-490C-BB45-460A881B5EA3}.Debug|Any CPU.Build.0 = Debug|Any CPU
		{575B2438-452F-490C-BB45-460A881B5EA3}.Release|Any CPU.ActiveCfg = Release|Any CPU
		{575B2438-452F-490C-BB45-460A881B5EA3}.Release|Any CPU.Build.0 = Release|Any CPU
		{2D3A174B-25C1-4801-B7CE-77F0F0DD428B}.Debug|Any CPU.ActiveCfg = Debug|Any CPU
		{2D3A174B-25C1-4801-B7CE-77F0F0DD428B}.Debug|Any CPU.Build.0 = Debug|Any CPU
		{2D3A174B-25C1-4801-B7CE-77F0F0DD428B}.Release|Any CPU.ActiveCfg = Release|Any CPU
		{2D3A174B-25C1-4801-B7CE-77F0F0DD428B}.Release|Any CPU.Build.0 = Release|Any CPU
		{197FD7CE-A63C-47B2-9080-A9E1CAEDB8AC}.Debug|Any CPU.ActiveCfg = Debug|Any CPU
		{197FD7CE-A63C-47B2-9080-A9E1CAEDB8AC}.Debug|Any CPU.Build.0 = Debug|Any CPU
		{197FD7CE-A63C-47B2-9080-A9E1CAEDB8AC}.Release|Any CPU.ActiveCfg = Release|Any CPU
		{197FD7CE-A63C-47B2-9080-A9E1CAEDB8AC}.Release|Any CPU.Build.0 = Release|Any CPU
		{58F0B125-5859-4ED3-A7D6-474C1D8A4A16}.Debug|Any CPU.ActiveCfg = Debug|Any CPU
		{58F0B125-5859-4ED3-A7D6-474C1D8A4A16}.Debug|Any CPU.Build.0 = Debug|Any CPU
		{58F0B125-5859-4ED3-A7D6-474C1D8A4A16}.Release|Any CPU.ActiveCfg = Release|Any CPU
		{58F0B125-5859-4ED3-A7D6-474C1D8A4A16}.Release|Any CPU.Build.0 = Release|Any CPU
		{87673533-B30F-4FE8-9D46-CCD2D6FF942E}.Debug|Any CPU.ActiveCfg = Debug|Any CPU
		{87673533-B30F-4FE8-9D46-CCD2D6FF942E}.Debug|Any CPU.Build.0 = Debug|Any CPU
		{87673533-B30F-4FE8-9D46-CCD2D6FF942E}.Release|Any CPU.ActiveCfg = Release|Any CPU
		{87673533-B30F-4FE8-9D46-CCD2D6FF942E}.Release|Any CPU.Build.0 = Release|Any CPU
		{62749DEC-E98E-4035-9F83-56C9D07A818E}.Debug|Any CPU.ActiveCfg = Debug|Any CPU
		{62749DEC-E98E-4035-9F83-56C9D07A818E}.Debug|Any CPU.Build.0 = Debug|Any CPU
		{62749DEC-E98E-4035-9F83-56C9D07A818E}.Release|Any CPU.ActiveCfg = Release|Any CPU
		{62749DEC-E98E-4035-9F83-56C9D07A818E}.Release|Any CPU.Build.0 = Release|Any CPU
		{1720CA31-3901-33D0-2495-D381CA5B7F6D}.Debug|Any CPU.ActiveCfg = Debug|Any CPU
		{1720CA31-3901-33D0-2495-D381CA5B7F6D}.Debug|Any CPU.Build.0 = Debug|Any CPU
		{1720CA31-3901-33D0-2495-D381CA5B7F6D}.Release|Any CPU.ActiveCfg = Release|Any CPU
		{1720CA31-3901-33D0-2495-D381CA5B7F6D}.Release|Any CPU.Build.0 = Release|Any CPU
		{9D33A484-7622-4329-B7B6-7891E8F8924B}.Debug|Any CPU.ActiveCfg = Debug|Any CPU
		{9D33A484-7622-4329-B7B6-7891E8F8924B}.Debug|Any CPU.Build.0 = Debug|Any CPU
		{9D33A484-7622-4329-B7B6-7891E8F8924B}.Release|Any CPU.ActiveCfg = Release|Any CPU
		{9D33A484-7622-4329-B7B6-7891E8F8924B}.Release|Any CPU.Build.0 = Release|Any CPU
		{83EE6FC5-6792-400C-AFB6-7DF832491871}.Debug|Any CPU.ActiveCfg = Debug|Any CPU
		{83EE6FC5-6792-400C-AFB6-7DF832491871}.Debug|Any CPU.Build.0 = Debug|Any CPU
		{83EE6FC5-6792-400C-AFB6-7DF832491871}.Release|Any CPU.ActiveCfg = Release|Any CPU
		{83EE6FC5-6792-400C-AFB6-7DF832491871}.Release|Any CPU.Build.0 = Release|Any CPU
		{D18FAB61-CF0F-4D9B-A1F8-0C579A8B5F98}.Debug|Any CPU.ActiveCfg = Debug|Any CPU
		{D18FAB61-CF0F-4D9B-A1F8-0C579A8B5F98}.Debug|Any CPU.Build.0 = Debug|Any CPU
		{D18FAB61-CF0F-4D9B-A1F8-0C579A8B5F98}.Release|Any CPU.ActiveCfg = Release|Any CPU
		{D18FAB61-CF0F-4D9B-A1F8-0C579A8B5F98}.Release|Any CPU.Build.0 = Release|Any CPU
		{1D225DF0-4507-4D0C-BC05-F3950BCC4653}.Debug|Any CPU.ActiveCfg = Debug|Any CPU
		{1D225DF0-4507-4D0C-BC05-F3950BCC4653}.Debug|Any CPU.Build.0 = Debug|Any CPU
		{1D225DF0-4507-4D0C-BC05-F3950BCC4653}.Release|Any CPU.ActiveCfg = Release|Any CPU
		{1D225DF0-4507-4D0C-BC05-F3950BCC4653}.Release|Any CPU.Build.0 = Release|Any CPU
		{7265968C-05F5-40D4-8BED-1D864C279ED6}.Debug|Any CPU.ActiveCfg = Debug|Any CPU
		{7265968C-05F5-40D4-8BED-1D864C279ED6}.Debug|Any CPU.Build.0 = Debug|Any CPU
		{7265968C-05F5-40D4-8BED-1D864C279ED6}.Release|Any CPU.ActiveCfg = Release|Any CPU
		{7265968C-05F5-40D4-8BED-1D864C279ED6}.Release|Any CPU.Build.0 = Release|Any CPU
	EndGlobalSection
	GlobalSection(SolutionProperties) = preSolution
		HideSolutionNode = FALSE
	EndGlobalSection
	GlobalSection(ExtensibilityGlobals) = postSolution
		SolutionGuid = {E99ADE19-3177-42BC-9D8E-F2ED5051A8F9}
	EndGlobalSection
EndGlobal
