
Microsoft Visual Studio Solution File, Format Version 12.00
# Visual Studio Version 17
VisualStudioVersion = 17.14.37027.9
MinimumVisualStudioVersion = 10.0.40219.1
Project("{FAE04EC0-301F-11D3-BF4B-00C04F79EFBC}") = "FromEventPattern", "FromEventPattern\FromEventPattern.csproj", "{5C0B2923-6CC7-4B05-B738-ED1EF0907C4E}"
EndProject
Project("{FAE04EC0-301F-11D3-BF4B-00C04F79EFBC}") = "XamlApp1", "XamlApp1\XamlApp1.csproj", "{4714679B-8D8B-43BB-9127-806019BAA10D}"
EndProject
Project("{FAE04EC0-301F-11D3-BF4B-00C04F79EFBC}") = "XamlApp2", "XamlApp2\XamlApp2.csproj", "{ADD8BDF7-0587-4203-AF71-530C07138053}"
EndProject
Project("{FAE04EC0-301F-11D3-BF4B-00C04F79EFBC}") = "FormApp1", "FormApp1\FormApp1.csproj", "{48364F0A-A44A-45C3-803A-3EE328140BE8}"
EndProject
Global
	GlobalSection(SolutionConfigurationPlatforms) = preSolution
		Debug|Any CPU = Debug|Any CPU
		Release|Any CPU = Release|Any CPU
	EndGlobalSection
	GlobalSection(ProjectConfigurationPlatforms) = postSolution
		{5C0B2923-6CC7-4B05-B738-ED1EF0907C4E}.Debug|Any CPU.ActiveCfg = Debug|Any CPU
		{5C0B2923-6CC7-4B05-B738-ED1EF0907C4E}.Debug|Any CPU.Build.0 = Debug|Any CPU
		{5C0B2923-6CC7-4B05-B738-ED1EF0907C4E}.Release|Any CPU.ActiveCfg = Release|Any CPU
		{5C0B2923-6CC7-4B05-B738-ED1EF0907C4E}.Release|Any CPU.Build.0 = Release|Any CPU
		{4714679B-8D8B-43BB-9127-806019BAA10D}.Debug|Any CPU.ActiveCfg = Debug|Any CPU
		{4714679B-8D8B-43BB-9127-806019BAA10D}.Debug|Any CPU.Build.0 = Debug|Any CPU
		{4714679B-8D8B-43BB-9127-806019BAA10D}.Release|Any CPU.ActiveCfg = Release|Any CPU
		{4714679B-8D8B-43BB-9127-806019BAA10D}.Release|Any CPU.Build.0 = Release|Any CPU
		{ADD8BDF7-0587-4203-AF71-530C07138053}.Debug|Any CPU.ActiveCfg = Debug|Any CPU
		{ADD8BDF7-0587-4203-AF71-530C07138053}.Debug|Any CPU.Build.0 = Debug|Any CPU
		{ADD8BDF7-0587-4203-AF71-530C07138053}.Release|Any CPU.ActiveCfg = Release|Any CPU
		{ADD8BDF7-0587-4203-AF71-530C07138053}.Release|Any CPU.Build.0 = Release|Any CPU
		{48364F0A-A44A-45C3-803A-3EE328140BE8}.Debug|Any CPU.ActiveCfg = Debug|Any CPU
		{48364F0A-A44A-45C3-803A-3EE328140BE8}.Debug|Any CPU.Build.0 = Debug|Any CPU
		{48364F0A-A44A-45C3-803A-3EE328140BE8}.Release|Any CPU.ActiveCfg = Release|Any CPU
		{48364F0A-A44A-45C3-803A-3EE328140BE8}.Release|Any CPU.Build.0 = Release|Any CPU
	EndGlobalSection
	GlobalSection(SolutionProperties) = preSolution
		HideSolutionNode = FALSE
	EndGlobalSection
	GlobalSection(ExtensibilityGlobals) = postSolution
		SolutionGuid = {E99ADE19-3177-42BC-9D8E-F2ED5051A8F9}
	EndGlobalSection
EndGlobal
