
Microsoft Visual Studio Solution File, Format Version 12.00
# Visual Studio Version 17
VisualStudioVersion = 17.14.37012.4 d17.14
MinimumVisualStudioVersion = 10.0.40219.1
Project("{FAE04EC0-301F-11D3-BF4B-00C04F79EFBC}") = "MergeSubject", "MergeSubject\MergeSubject.csproj", "{BDC69A77-D05C-4FA2-9902-F6C8D5B7DCDF}"
EndProject
Global
	GlobalSection(SolutionConfigurationPlatforms) = preSolution
		Debug|Any CPU = Debug|Any CPU
		Release|Any CPU = Release|Any CPU
	EndGlobalSection
	GlobalSection(ProjectConfigurationPlatforms) = postSolution
		{BDC69A77-D05C-4FA2-9902-F6C8D5B7DCDF}.Debug|Any CPU.ActiveCfg = Debug|Any CPU
		{BDC69A77-D05C-4FA2-9902-F6C8D5B7DCDF}.Debug|Any CPU.Build.0 = Debug|Any CPU
		{BDC69A77-D05C-4FA2-9902-F6C8D5B7DCDF}.Release|Any CPU.ActiveCfg = Release|Any CPU
		{BDC69A77-D05C-4FA2-9902-F6C8D5B7DCDF}.Release|Any CPU.Build.0 = Release|Any CPU
	EndGlobalSection
	GlobalSection(SolutionProperties) = preSolution
		HideSolutionNode = FALSE
	EndGlobalSection
	GlobalSection(ExtensibilityGlobals) = postSolution
		SolutionGuid = {AC4D19D7-DDCF-413E-AF84-03B79BE0EBBE}
	EndGlobalSection
EndGlobal
